PODS:
  - BEMCheckBox (1.4.1)
  - BulletinBoard (4.1.2)
  - Cache (5.3.0)
  - Imaginary (4.3.1):
    - Cache (~> 5.3.0)
  - InstantSearchVoiceOverlay (1.1.0)
  - Lightbox (2.4.1):
    - Imaginary (~> 4.3.1)

DEPENDENCIES:
  - BEMCheckBox
  - BulletinBoard
  - InstantSearchVoiceOverlay (~> 1.1.0)
  - Lightbox

SPEC REPOS:
  trunk:
    - BEMCheckBox
    - BulletinBoard
    - Cache
    - Imaginary
    - InstantSearchVoiceOverlay
    - Lightbox

SPEC CHECKSUMS:
  BEMCheckBox: 5ba6e37ade3d3657b36caecc35c8b75c6c2b1a4e
  BulletinBoard: 1c0cb191b6c6245d08f51bd2445f1e36414ec0ed
  Cache: 48762993ec44e1d93483c4d4a13edd18452326f4
  Imaginary: 18c5bba364229eef383b925199db442e71d175e1
  InstantSearchVoiceOverlay: 8fcbd0c143c872e6b39ef9b6475f1dfeb9ebfbcf
  Lightbox: cede4a64f2d864da1f7e7959aa78a8659a311e7c

PODFILE CHECKSUM: 62c9cb10817ac8e7bfd627ac7a19fdacc91aaac5

COCOAPODS: 1.9.1
