// !$*UTF8*$!
{
	archiveVersion = 1;
	classes = {
	};
	objectVersion = 51;
	objects = {

/* Begin PBXBuildFile section */
		2409D27524A7D738001FAD06 /* ImagePicker.swift in Sources */ = {isa = PBXBuildFile; fileRef = 2409D27424A7D738001FAD06 /* ImagePicker.swift */; };
		241525B724AAAD56000DE4BA /* Item.swift in Sources */ = {isa = PBXBuildFile; fileRef = 241525B624AAAD56000DE4BA /* Item.swift */; };
		2418684324884B42003E7C69 /* Category.swift in Sources */ = {isa = PBXBuildFile; fileRef = 2418684224884B42003E7C69 /* Category.swift */; };
		2418684524884B6C003E7C69 /* Store.swift in Sources */ = {isa = PBXBuildFile; fileRef = 2418684424884B6C003E7C69 /* Store.swift */; };
		2418684824885824003E7C69 /* StoresTableViewController.swift in Sources */ = {isa = PBXBuildFile; fileRef = 2418684724885824003E7C69 /* StoresTableViewController.swift */; };
		241F0F7C24B7A35800A3F67C /* ItemCell.swift in Sources */ = {isa = PBXBuildFile; fileRef = 241F0F7B24B7A35800A3F67C /* ItemCell.swift */; };
		2423A01F24BB93CC0089181C /* Grocery_ListTests.swift in Sources */ = {isa = PBXBuildFile; fileRef = 2423A01E24BB93CC0089181C /* Grocery_ListTests.swift */; };
		244CEC4824ABC850002E2DCA /* Cache.framework in Frameworks */ = {isa = PBXBuildFile; fileRef = 244CEC4724ABC850002E2DCA /* Cache.framework */; };
		244CEC4A24ABC850002E2DCA /* Imaginary.framework in Frameworks */ = {isa = PBXBuildFile; fileRef = 244CEC4924ABC850002E2DCA /* Imaginary.framework */; };
		244CEC4C24ABC850002E2DCA /* Lightbox.framework in Frameworks */ = {isa = PBXBuildFile; fileRef = 244CEC4B24ABC850002E2DCA /* Lightbox.framework */; };
		2461A82F24882541009BE0AB /* AppDelegate.swift in Sources */ = {isa = PBXBuildFile; fileRef = 2461A82E24882541009BE0AB /* AppDelegate.swift */; };
		2461A83424882541009BE0AB /* Main.storyboard in Resources */ = {isa = PBXBuildFile; fileRef = 2461A83224882541009BE0AB /* Main.storyboard */; };
		2461A83624882543009BE0AB /* Assets.xcassets in Resources */ = {isa = PBXBuildFile; fileRef = 2461A83524882543009BE0AB /* Assets.xcassets */; };
		2461A83924882543009BE0AB /* LaunchScreen.storyboard in Resources */ = {isa = PBXBuildFile; fileRef = 2461A83724882543009BE0AB /* LaunchScreen.storyboard */; };
		2461A841248829B7009BE0AB /* TableController.swift in Sources */ = {isa = PBXBuildFile; fileRef = 2461A840248829B6009BE0AB /* TableController.swift */; };
		2461A84324882D1D009BE0AB /* AddItemViewController.swift in Sources */ = {isa = PBXBuildFile; fileRef = 2461A84224882D1D009BE0AB /* AddItemViewController.swift */; };
		2461A8452488347D009BE0AB /* CollapsibleTableViewHeader.swift in Sources */ = {isa = PBXBuildFile; fileRef = 2461A8442488347D009BE0AB /* CollapsibleTableViewHeader.swift */; };
		2464643324A691E2001A0767 /* OptionsViewController.swift in Sources */ = {isa = PBXBuildFile; fileRef = 2464643224A691E2001A0767 /* OptionsViewController.swift */; };
		2494FFA8248C10CA00DC58E0 /* DataStore.swift in Sources */ = {isa = PBXBuildFile; fileRef = 2494FFA7248C10CA00DC58E0 /* DataStore.swift */; };
		24B4AF1024B671E200BAD2FC /* appstore.png in Resources */ = {isa = PBXBuildFile; fileRef = 24B4AF0F24B671E200BAD2FC /* appstore.png */; };
		24C3A7B324A57B2D0084D49F /* HomescreenViewController.swift in Sources */ = {isa = PBXBuildFile; fileRef = 24C3A7B224A57B2D0084D49F /* HomescreenViewController.swift */; };
		4010B5AF02684B5E5F246805 /* Pods_Grocery_List.framework in Frameworks */ = {isa = PBXBuildFile; fileRef = 8E89EC5A48903AAE3D1DC49C /* Pods_Grocery_List.framework */; };
		CFAF001F565611D9E60E2D73 /* Pods_Grocery_List.framework in Frameworks */ = {isa = PBXBuildFile; fileRef = 8E89EC5A48903AAE3D1DC49C /* Pods_Grocery_List.framework */; };
/* End PBXBuildFile section */

/* Begin PBXContainerItemProxy section */
		2423A02124BB93CC0089181C /* PBXContainerItemProxy */ = {
			isa = PBXContainerItemProxy;
			containerPortal = 2461A82324882541009BE0AB /* Project object */;
			proxyType = 1;
			remoteGlobalIDString = 2461A82A24882541009BE0AB;
			remoteInfo = "Grocery List";
		};
/* End PBXContainerItemProxy section */

/* Begin PBXFileReference section */
		240436B724BB9BA20027D973 /* Cache.framework */ = {isa = PBXFileReference; explicitFileType = wrapper.framework; path = Cache.framework; sourceTree = BUILT_PRODUCTS_DIR; };
		240436B924BB9BA20027D973 /* Imaginary.framework */ = {isa = PBXFileReference; explicitFileType = wrapper.framework; path = Imaginary.framework; sourceTree = BUILT_PRODUCTS_DIR; };
		240436BB24BB9BA20027D973 /* Lightbox.framework */ = {isa = PBXFileReference; explicitFileType = wrapper.framework; path = Lightbox.framework; sourceTree = BUILT_PRODUCTS_DIR; };
		2409D27424A7D738001FAD06 /* ImagePicker.swift */ = {isa = PBXFileReference; lastKnownFileType = sourcecode.swift; path = ImagePicker.swift; sourceTree = "<group>"; };
		241525B624AAAD56000DE4BA /* Item.swift */ = {isa = PBXFileReference; lastKnownFileType = sourcecode.swift; path = Item.swift; sourceTree = "<group>"; };
		2418684224884B42003E7C69 /* Category.swift */ = {isa = PBXFileReference; lastKnownFileType = sourcecode.swift; path = Category.swift; sourceTree = "<group>"; };
		2418684424884B6C003E7C69 /* Store.swift */ = {isa = PBXFileReference; lastKnownFileType = sourcecode.swift; path = Store.swift; sourceTree = "<group>"; };
		2418684724885824003E7C69 /* StoresTableViewController.swift */ = {isa = PBXFileReference; lastKnownFileType = sourcecode.swift; path = StoresTableViewController.swift; sourceTree = "<group>"; };
		2419C7D824B652FD004F5096 /* StrikethroughLabel.framework */ = {isa = PBXFileReference; explicitFileType = wrapper.framework; path = StrikethroughLabel.framework; sourceTree = BUILT_PRODUCTS_DIR; };
		241F0F7B24B7A35800A3F67C /* ItemCell.swift */ = {isa = PBXFileReference; lastKnownFileType = sourcecode.swift; path = ItemCell.swift; sourceTree = "<group>"; };
		2423A01C24BB93CC0089181C /* Grocery ListTests.xctest */ = {isa = PBXFileReference; explicitFileType = wrapper.cfbundle; includeInIndex = 0; path = "Grocery ListTests.xctest"; sourceTree = BUILT_PRODUCTS_DIR; };
		2423A01E24BB93CC0089181C /* Grocery_ListTests.swift */ = {isa = PBXFileReference; lastKnownFileType = sourcecode.swift; path = Grocery_ListTests.swift; sourceTree = "<group>"; };
		2423A02024BB93CC0089181C /* Info.plist */ = {isa = PBXFileReference; lastKnownFileType = text.plist.xml; path = Info.plist; sourceTree = "<group>"; };
		244CEC4724ABC850002E2DCA /* Cache.framework */ = {isa = PBXFileReference; explicitFileType = wrapper.framework; path = Cache.framework; sourceTree = BUILT_PRODUCTS_DIR; };
		244CEC4924ABC850002E2DCA /* Imaginary.framework */ = {isa = PBXFileReference; explicitFileType = wrapper.framework; path = Imaginary.framework; sourceTree = BUILT_PRODUCTS_DIR; };
		244CEC4B24ABC850002E2DCA /* Lightbox.framework */ = {isa = PBXFileReference; explicitFileType = wrapper.framework; path = Lightbox.framework; sourceTree = BUILT_PRODUCTS_DIR; };
		2461A82B24882541009BE0AB /* Grocery List.app */ = {isa = PBXFileReference; explicitFileType = wrapper.application; includeInIndex = 0; path = "Grocery List.app"; sourceTree = BUILT_PRODUCTS_DIR; };
		2461A82E24882541009BE0AB /* AppDelegate.swift */ = {isa = PBXFileReference; lastKnownFileType = sourcecode.swift; path = AppDelegate.swift; sourceTree = "<group>"; };
		2461A83324882541009BE0AB /* Base */ = {isa = PBXFileReference; lastKnownFileType = file.storyboard; name = Base; path = Base.lproj/Main.storyboard; sourceTree = "<group>"; };
		2461A83524882543009BE0AB /* Assets.xcassets */ = {isa = PBXFileReference; lastKnownFileType = folder.assetcatalog; path = Assets.xcassets; sourceTree = "<group>"; };
		2461A83824882543009BE0AB /* Base */ = {isa = PBXFileReference; lastKnownFileType = file.storyboard; name = Base; path = Base.lproj/LaunchScreen.storyboard; sourceTree = "<group>"; };
		2461A83A24882543009BE0AB /* Info.plist */ = {isa = PBXFileReference; lastKnownFileType = text.plist.xml; path = Info.plist; sourceTree = "<group>"; };
		2461A840248829B6009BE0AB /* TableController.swift */ = {isa = PBXFileReference; lastKnownFileType = sourcecode.swift; path = TableController.swift; sourceTree = "<group>"; };
		2461A84224882D1D009BE0AB /* AddItemViewController.swift */ = {isa = PBXFileReference; lastKnownFileType = sourcecode.swift; path = AddItemViewController.swift; sourceTree = "<group>"; };
		2461A8442488347D009BE0AB /* CollapsibleTableViewHeader.swift */ = {isa = PBXFileReference; lastKnownFileType = sourcecode.swift; path = CollapsibleTableViewHeader.swift; sourceTree = "<group>"; };
		2464643224A691E2001A0767 /* OptionsViewController.swift */ = {isa = PBXFileReference; lastKnownFileType = sourcecode.swift; path = OptionsViewController.swift; sourceTree = "<group>"; };
		2494FFA7248C10CA00DC58E0 /* DataStore.swift */ = {isa = PBXFileReference; lastKnownFileType = sourcecode.swift; path = DataStore.swift; sourceTree = "<group>"; };
		24B4AF0F24B671E200BAD2FC /* appstore.png */ = {isa = PBXFileReference; lastKnownFileType = image.png; path = appstore.png; sourceTree = "<group>"; };
		24C3A7B224A57B2D0084D49F /* HomescreenViewController.swift */ = {isa = PBXFileReference; lastKnownFileType = sourcecode.swift; path = HomescreenViewController.swift; sourceTree = "<group>"; };
		4FD008632E60DB9E3C8B3BC9 /* Pods-Grocery List.debug.xcconfig */ = {isa = PBXFileReference; includeInIndex = 1; lastKnownFileType = text.xcconfig; name = "Pods-Grocery List.debug.xcconfig"; path = "Target Support Files/Pods-Grocery List/Pods-Grocery List.debug.xcconfig"; sourceTree = "<group>"; };
		8E89EC5A48903AAE3D1DC49C /* Pods_Grocery_List.framework */ = {isa = PBXFileReference; explicitFileType = wrapper.framework; includeInIndex = 0; path = Pods_Grocery_List.framework; sourceTree = BUILT_PRODUCTS_DIR; };
		AD38424FF3E64C73D4C651DF /* Pods-Grocery List.release.xcconfig */ = {isa = PBXFileReference; includeInIndex = 1; lastKnownFileType = text.xcconfig; name = "Pods-Grocery List.release.xcconfig"; path = "Target Support Files/Pods-Grocery List/Pods-Grocery List.release.xcconfig"; sourceTree = "<group>"; };
/* End PBXFileReference section */

/* Begin PBXFrameworksBuildPhase section */
		2423A01924BB93CC0089181C /* Frameworks */ = {
			isa = PBXFrameworksBuildPhase;
			buildActionMask = 2147483647;
			files = (
			);
			runOnlyForDeploymentPostprocessing = 0;
		};
		2461A82824882541009BE0AB /* Frameworks */ = {
			isa = PBXFrameworksBuildPhase;
			buildActionMask = 2147483647;
			files = (
				244CEC4824ABC850002E2DCA /* Cache.framework in Frameworks */,
				244CEC4A24ABC850002E2DCA /* Imaginary.framework in Frameworks */,
				244CEC4C24ABC850002E2DCA /* Lightbox.framework in Frameworks */,
				CFAF001F565611D9E60E2D73 /* Pods_Grocery_List.framework in Frameworks */,
				4010B5AF02684B5E5F246805 /* Pods_Grocery_List.framework in Frameworks */,
			);
			runOnlyForDeploymentPostprocessing = 0;
		};
/* End PBXFrameworksBuildPhase section */

/* Begin PBXGroup section */
		2418684624884C4F003E7C69 /* Data Models */ = {
			isa = PBXGroup;
			children = (
				2494FFA7248C10CA00DC58E0 /* DataStore.swift */,
				2418684424884B6C003E7C69 /* Store.swift */,
				2418684224884B42003E7C69 /* Category.swift */,
				241525B624AAAD56000DE4BA /* Item.swift */,
			);
			path = "Data Models";
			sourceTree = "<group>";
		};
		2418684924885827003E7C69 /* View Controllers */ = {
			isa = PBXGroup;
			children = (
				24C3A7B224A57B2D0084D49F /* HomescreenViewController.swift */,
				2418684724885824003E7C69 /* StoresTableViewController.swift */,
				2461A840248829B6009BE0AB /* TableController.swift */,
				2461A84224882D1D009BE0AB /* AddItemViewController.swift */,
				2464643224A691E2001A0767 /* OptionsViewController.swift */,
			);
			path = "View Controllers";
			sourceTree = "<group>";
		};
		2423A01D24BB93CC0089181C /* Grocery ListTests */ = {
			isa = PBXGroup;
			children = (
				2423A01E24BB93CC0089181C /* Grocery_ListTests.swift */,
				2423A02024BB93CC0089181C /* Info.plist */,
			);
			path = "Grocery ListTests";
			sourceTree = "<group>";
		};
		2461A82224882541009BE0AB = {
			isa = PBXGroup;
			children = (
				2461A82D24882541009BE0AB /* Grocery List */,
				2423A01D24BB93CC0089181C /* Grocery ListTests */,
				2461A82C24882541009BE0AB /* Products */,
				575ECE3C63906CE9504E2790 /* Pods */,
				FD6CE4CE15A5E7A1540EC50C /* Frameworks */,
			);
			sourceTree = "<group>";
		};
		2461A82C24882541009BE0AB /* Products */ = {
			isa = PBXGroup;
			children = (
				2461A82B24882541009BE0AB /* Grocery List.app */,
				2423A01C24BB93CC0089181C /* Grocery ListTests.xctest */,
			);
			name = Products;
			sourceTree = "<group>";
		};
		2461A82D24882541009BE0AB /* Grocery List */ = {
			isa = PBXGroup;
			children = (
				2418684624884C4F003E7C69 /* Data Models */,
				2418684924885827003E7C69 /* View Controllers */,
				24C3A7B124A577C50084D49F /* Table */,
				2461A83224882541009BE0AB /* Main.storyboard */,
				2461A82E24882541009BE0AB /* AppDelegate.swift */,
				2461A83524882543009BE0AB /* Assets.xcassets */,
				24B4AF0F24B671E200BAD2FC /* appstore.png */,
				2461A83724882543009BE0AB /* LaunchScreen.storyboard */,
				2461A83A24882543009BE0AB /* Info.plist */,
				2409D27424A7D738001FAD06 /* ImagePicker.swift */,
			);
			path = "Grocery List";
			sourceTree = "<group>";
		};
		24C3A7B124A577C50084D49F /* Table */ = {
			isa = PBXGroup;
			children = (
				241F0F7B24B7A35800A3F67C /* ItemCell.swift */,
				2461A8442488347D009BE0AB /* CollapsibleTableViewHeader.swift */,
			);
			path = Table;
			sourceTree = "<group>";
		};
		575ECE3C63906CE9504E2790 /* Pods */ = {
			isa = PBXGroup;
			children = (
				4FD008632E60DB9E3C8B3BC9 /* Pods-Grocery List.debug.xcconfig */,
				AD38424FF3E64C73D4C651DF /* Pods-Grocery List.release.xcconfig */,
			);
			path = Pods;
			sourceTree = "<group>";
		};
		FD6CE4CE15A5E7A1540EC50C /* Frameworks */ = {
			isa = PBXGroup;
			children = (
				240436B724BB9BA20027D973 /* Cache.framework */,
				240436B924BB9BA20027D973 /* Imaginary.framework */,
				240436BB24BB9BA20027D973 /* Lightbox.framework */,
				2419C7D824B652FD004F5096 /* StrikethroughLabel.framework */,
				244CEC4724ABC850002E2DCA /* Cache.framework */,
				244CEC4924ABC850002E2DCA /* Imaginary.framework */,
				244CEC4B24ABC850002E2DCA /* Lightbox.framework */,
				8E89EC5A48903AAE3D1DC49C /* Pods_Grocery_List.framework */,
			);
			name = Frameworks;
			sourceTree = "<group>";
		};
/* End PBXGroup section */

/* Begin PBXNativeTarget section */
		2423A01B24BB93CC0089181C /* Grocery ListTests */ = {
			isa = PBXNativeTarget;
			buildConfigurationList = 2423A02324BB93CC0089181C /* Build configuration list for PBXNativeTarget "Grocery ListTests" */;
			buildPhases = (
				2423A01824BB93CC0089181C /* Sources */,
				2423A01924BB93CC0089181C /* Frameworks */,
				2423A01A24BB93CC0089181C /* Resources */,
			);
			buildRules = (
			);
			dependencies = (
				2423A02224BB93CC0089181C /* PBXTargetDependency */,
			);
			name = "Grocery ListTests";
			productName = "Grocery ListTests";
			productReference = 2423A01C24BB93CC0089181C /* Grocery ListTests.xctest */;
			productType = "com.apple.product-type.bundle.unit-test";
		};
		2461A82A24882541009BE0AB /* Grocery List */ = {
			isa = PBXNativeTarget;
			buildConfigurationList = 2461A83D24882543009BE0AB /* Build configuration list for PBXNativeTarget "Grocery List" */;
			buildPhases = (
				3E8EDA135606540518F9B5BD /* [CP] Check Pods Manifest.lock */,
				2461A82724882541009BE0AB /* Sources */,
				2461A82824882541009BE0AB /* Frameworks */,
				2461A82924882541009BE0AB /* Resources */,
				787BD8785339F2E4D5C0A4D2 /* [CP] Embed Pods Frameworks */,
			);
			buildRules = (
			);
			dependencies = (
			);
			name = "Grocery List";
			productName = "Grocery List";
			productReference = 2461A82B24882541009BE0AB /* Grocery List.app */;
			productType = "com.apple.product-type.application";
		};
/* End PBXNativeTarget section */

/* Begin PBXProject section */
		2461A82324882541009BE0AB /* Project object */ = {
			isa = PBXProject;
			attributes = {
				LastSwiftUpdateCheck = 1200;
				LastUpgradeCheck = 1200;
				ORGANIZATIONNAME = "Rushad Antia";
				TargetAttributes = {
					2423A01B24BB93CC0089181C = {
						CreatedOnToolsVersion = 12.0;
						TestTargetID = 2461A82A24882541009BE0AB;
					};
					2461A82A24882541009BE0AB = {
						CreatedOnToolsVersion = 10.2;
					};
				};
			};
			buildConfigurationList = 2461A82624882541009BE0AB /* Build configuration list for PBXProject "Grocery List" */;
			compatibilityVersion = "Xcode 10.0";
			developmentRegion = en;
			hasScannedForEncodings = 0;
			knownRegions = (
				en,
				Base,
			);
			mainGroup = 2461A82224882541009BE0AB;
			productRefGroup = 2461A82C24882541009BE0AB /* Products */;
			projectDirPath = "";
			projectRoot = "";
			targets = (
				2461A82A24882541009BE0AB /* Grocery List */,
				2423A01B24BB93CC0089181C /* Grocery ListTests */,
			);
		};
/* End PBXProject section */

/* Begin PBXResourcesBuildPhase section */
		2423A01A24BB93CC0089181C /* Resources */ = {
			isa = PBXResourcesBuildPhase;
			buildActionMask = 2147483647;
			files = (
			);
			runOnlyForDeploymentPostprocessing = 0;
		};
		2461A82924882541009BE0AB /* Resources */ = {
			isa = PBXResourcesBuildPhase;
			buildActionMask = 2147483647;
			files = (
				2461A83924882543009BE0AB /* LaunchScreen.storyboard in Resources */,
				24B4AF1024B671E200BAD2FC /* appstore.png in Resources */,
				2461A83624882543009BE0AB /* Assets.xcassets in Resources */,
				2461A83424882541009BE0AB /* Main.storyboard in Resources */,
			);
			runOnlyForDeploymentPostprocessing = 0;
		};
/* End PBXResourcesBuildPhase section */

/* Begin PBXShellScriptBuildPhase section */
		3E8EDA135606540518F9B5BD /* [CP] Check Pods Manifest.lock */ = {
			isa = PBXShellScriptBuildPhase;
			buildActionMask = 2147483647;
			files = (
			);
			inputFileListPaths = (
			);
			inputPaths = (
				"${PODS_PODFILE_DIR_PATH}/Podfile.lock",
				"${PODS_ROOT}/Manifest.lock",
			);
			name = "[CP] Check Pods Manifest.lock";
			outputFileListPaths = (
			);
			outputPaths = (
				"$(DERIVED_FILE_DIR)/Pods-Grocery List-checkManifestLockResult.txt",
			);
			runOnlyForDeploymentPostprocessing = 0;
			shellPath = /bin/sh;
			shellScript = "diff \"${PODS_PODFILE_DIR_PATH}/Podfile.lock\" \"${PODS_ROOT}/Manifest.lock\" > /dev/null\nif [ $? != 0 ] ; then\n    # print error to STDERR\n    echo \"error: The sandbox is not in sync with the Podfile.lock. Run 'pod install' or update your CocoaPods installation.\" >&2\n    exit 1\nfi\n# This output is used by Xcode 'outputs' to avoid re-running this script phase.\necho \"SUCCESS\" > \"${SCRIPT_OUTPUT_FILE_0}\"\n";
			showEnvVarsInLog = 0;
		};
		787BD8785339F2E4D5C0A4D2 /* [CP] Embed Pods Frameworks */ = {
			isa = PBXShellScriptBuildPhase;
			buildActionMask = 2147483647;
			files = (
			);
			inputFileListPaths = (
				"${PODS_ROOT}/Target Support Files/Pods-Grocery List/Pods-Grocery List-frameworks-${CONFIGURATION}-input-files.xcfilelist",
			);
			name = "[CP] Embed Pods Frameworks";
			outputFileListPaths = (
				"${PODS_ROOT}/Target Support Files/Pods-Grocery List/Pods-Grocery List-frameworks-${CONFIGURATION}-output-files.xcfilelist",
			);
			runOnlyForDeploymentPostprocessing = 0;
			shellPath = /bin/sh;
			shellScript = "\"${PODS_ROOT}/Target Support Files/Pods-Grocery List/Pods-Grocery List-frameworks.sh\"\n";
			showEnvVarsInLog = 0;
		};
/* End PBXShellScriptBuildPhase section */

/* Begin PBXSourcesBuildPhase section */
		2423A01824BB93CC0089181C /* Sources */ = {
			isa = PBXSourcesBuildPhase;
			buildActionMask = 2147483647;
			files = (
				2423A01F24BB93CC0089181C /* Grocery_ListTests.swift in Sources */,
			);
			runOnlyForDeploymentPostprocessing = 0;
		};
		2461A82724882541009BE0AB /* Sources */ = {
			isa = PBXSourcesBuildPhase;
			buildActionMask = 2147483647;
			files = (
				241F0F7C24B7A35800A3F67C /* ItemCell.swift in Sources */,
				2461A8452488347D009BE0AB /* CollapsibleTableViewHeader.swift in Sources */,
				2464643324A691E2001A0767 /* OptionsViewController.swift in Sources */,
				2494FFA8248C10CA00DC58E0 /* DataStore.swift in Sources */,
				2418684824885824003E7C69 /* StoresTableViewController.swift in Sources */,
				2418684324884B42003E7C69 /* Category.swift in Sources */,
				24C3A7B324A57B2D0084D49F /* HomescreenViewController.swift in Sources */,
				241525B724AAAD56000DE4BA /* Item.swift in Sources */,
				2461A84324882D1D009BE0AB /* AddItemViewController.swift in Sources */,
				2418684524884B6C003E7C69 /* Store.swift in Sources */,
				2409D27524A7D738001FAD06 /* ImagePicker.swift in Sources */,
				2461A841248829B7009BE0AB /* TableController.swift in Sources */,
				2461A82F24882541009BE0AB /* AppDelegate.swift in Sources */,
			);
			runOnlyForDeploymentPostprocessing = 0;
		};
/* End PBXSourcesBuildPhase section */

/* Begin PBXTargetDependency section */
		2423A02224BB93CC0089181C /* PBXTargetDependency */ = {
			isa = PBXTargetDependency;
			target = 2461A82A24882541009BE0AB /* Grocery List */;
			targetProxy = 2423A02124BB93CC0089181C /* PBXContainerItemProxy */;
		};
/* End PBXTargetDependency section */

/* Begin PBXVariantGroup section */
		2461A83224882541009BE0AB /* Main.storyboard */ = {
			isa = PBXVariantGroup;
			children = (
				2461A83324882541009BE0AB /* Base */,
			);
			name = Main.storyboard;
			sourceTree = "<group>";
		};
		2461A83724882543009BE0AB /* LaunchScreen.storyboard */ = {
			isa = PBXVariantGroup;
			children = (
				2461A83824882543009BE0AB /* Base */,
			);
			name = LaunchScreen.storyboard;
			sourceTree = "<group>";
		};
/* End PBXVariantGroup section */

/* Begin XCBuildConfiguration section */
		2423A02424BB93CC0089181C /* Debug */ = {
			isa = XCBuildConfiguration;
			buildSettings = {
				BUNDLE_LOADER = "$(TEST_HOST)";
				CODE_SIGN_STYLE = Automatic;
				DEVELOPMENT_TEAM = DH439G95GZ;
				INFOPLIST_FILE = "Grocery ListTests/Info.plist";
				IPHONEOS_DEPLOYMENT_TARGET = 13.0;
				LD_RUNPATH_SEARCH_PATHS = (
					"$(inherited)",
					"@executable_path/Frameworks",
					"@loader_path/Frameworks",
				);
				PRODUCT_BUNDLE_IDENTIFIER = "rantia.Grocery-ListTests";
				PRODUCT_NAME = "$(TARGET_NAME)";
				SWIFT_VERSION = 5.0;
				TARGETED_DEVICE_FAMILY = "1,2";
				TEST_HOST = "$(BUILT_PRODUCTS_DIR)/Grocery List.app/Grocery List";
			};
			name = Debug;
		};
		2423A02524BB93CC0089181C /* Release */ = {
			isa = XCBuildConfiguration;
			buildSettings = {
				BUNDLE_LOADER = "$(TEST_HOST)";
				CODE_SIGN_STYLE = Automatic;
				DEVELOPMENT_TEAM = DH439G95GZ;
				INFOPLIST_FILE = "Grocery ListTests/Info.plist";
				IPHONEOS_DEPLOYMENT_TARGET = 13.0;
				LD_RUNPATH_SEARCH_PATHS = (
					"$(inherited)",
					"@executable_path/Frameworks",
					"@loader_path/Frameworks",
				);
				PRODUCT_BUNDLE_IDENTIFIER = "rantia.Grocery-ListTests";
				PRODUCT_NAME = "$(TARGET_NAME)";
				SWIFT_VERSION = 5.0;
				TARGETED_DEVICE_FAMILY = "1,2";
				TEST_HOST = "$(BUILT_PRODUCTS_DIR)/Grocery List.app/Grocery List";
			};
			name = Release;
		};
		2461A83B24882543009BE0AB /* Debug */ = {
			isa = XCBuildConfiguration;
			buildSettings = {
				ALWAYS_SEARCH_USER_PATHS = NO;
				CLANG_ANALYZER_NONNULL = YES;
				CLANG_ANALYZER_NUMBER_OBJECT_CONVERSION = YES_AGGRESSIVE;
				CLANG_CXX_LANGUAGE_STANDARD = "gnu++14";
				CLANG_CXX_LIBRARY = "libc++";
				CLANG_ENABLE_MODULES = YES;
				CLANG_ENABLE_OBJC_ARC = YES;
				CLANG_ENABLE_OBJC_WEAK = YES;
				CLANG_WARN_BLOCK_CAPTURE_AUTORELEASING = YES;
				CLANG_WARN_BOOL_CONVERSION = YES;
				CLANG_WARN_COMMA = YES;
				CLANG_WARN_CONSTANT_CONVERSION = YES;
				CLANG_WARN_DEPRECATED_OBJC_IMPLEMENTATIONS = YES;
				CLANG_WARN_DIRECT_OBJC_ISA_USAGE = YES_ERROR;
				CLANG_WARN_DOCUMENTATION_COMMENTS = YES;
				CLANG_WARN_EMPTY_BODY = YES;
				CLANG_WARN_ENUM_CONVERSION = YES;
				CLANG_WARN_INFINITE_RECURSION = YES;
				CLANG_WARN_INT_CONVERSION = YES;
				CLANG_WARN_NON_LITERAL_NULL_CONVERSION = YES;
				CLANG_WARN_OBJC_IMPLICIT_RETAIN_SELF = YES;
				CLANG_WARN_OBJC_LITERAL_CONVERSION = YES;
				CLANG_WARN_OBJC_ROOT_CLASS = YES_ERROR;
				CLANG_WARN_QUOTED_INCLUDE_IN_FRAMEWORK_HEADER = YES;
				CLANG_WARN_RANGE_LOOP_ANALYSIS = YES;
				CLANG_WARN_STRICT_PROTOTYPES = YES;
				CLANG_WARN_SUSPICIOUS_MOVE = YES;
				CLANG_WARN_UNGUARDED_AVAILABILITY = YES_AGGRESSIVE;
				CLANG_WARN_UNREACHABLE_CODE = YES;
				CLANG_WARN__DUPLICATE_METHOD_MATCH = YES;
				CODE_SIGN_IDENTITY = "iPhone Developer";
				COPY_PHASE_STRIP = NO;
				DEBUG_INFORMATION_FORMAT = dwarf;
				ENABLE_STRICT_OBJC_MSGSEND = YES;
				ENABLE_TESTABILITY = YES;
				GCC_C_LANGUAGE_STANDARD = gnu11;
				GCC_DYNAMIC_NO_PIC = NO;
				GCC_NO_COMMON_BLOCKS = YES;
				GCC_OPTIMIZATION_LEVEL = 0;
				GCC_PREPROCESSOR_DEFINITIONS = (
					"DEBUG=1",
					"$(inherited)",
				);
				GCC_WARN_64_TO_32_BIT_CONVERSION = YES;
				GCC_WARN_ABOUT_RETURN_TYPE = YES_ERROR;
				GCC_WARN_UNDECLARED_SELECTOR = YES;
				GCC_WARN_UNINITIALIZED_AUTOS = YES_AGGRESSIVE;
				GCC_WARN_UNUSED_FUNCTION = YES;
				GCC_WARN_UNUSED_VARIABLE = YES;
				IPHONEOS_DEPLOYMENT_TARGET = 13.0;
				MTL_ENABLE_DEBUG_INFO = INCLUDE_SOURCE;
				MTL_FAST_MATH = YES;
				ONLY_ACTIVE_ARCH = YES;
				SDKROOT = iphoneos;
				SWIFT_ACTIVE_COMPILATION_CONDITIONS = DEBUG;
				SWIFT_OPTIMIZATION_LEVEL = "-Onone";
			};
			name = Debug;
		};
		2461A83C24882543009BE0AB /* Release */ = {
			isa = XCBuildConfiguration;
			buildSettings = {
				ALWAYS_SEARCH_USER_PATHS = NO;
				CLANG_ANALYZER_NONNULL = YES;
				CLANG_ANALYZER_NUMBER_OBJECT_CONVERSION = YES_AGGRESSIVE;
				CLANG_CXX_LANGUAGE_STANDARD = "gnu++14";
				CLANG_CXX_LIBRARY = "libc++";
				CLANG_ENABLE_MODULES = YES;
				CLANG_ENABLE_OBJC_ARC = YES;
				CLANG_ENABLE_OBJC_WEAK = YES;
				CLANG_WARN_BLOCK_CAPTURE_AUTORELEASING = YES;
				CLANG_WARN_BOOL_CONVERSION = YES;
				CLANG_WARN_COMMA = YES;
				CLANG_WARN_CONSTANT_CONVERSION = YES;
				CLANG_WARN_DEPRECATED_OBJC_IMPLEMENTATIONS = YES;
				CLANG_WARN_DIRECT_OBJC_ISA_USAGE = YES_ERROR;
				CLANG_WARN_DOCUMENTATION_COMMENTS = YES;
				CLANG_WARN_EMPTY_BODY = YES;
				CLANG_WARN_ENUM_CONVERSION = YES;
				CLANG_WARN_INFINITE_RECURSION = YES;
				CLANG_WARN_INT_CONVERSION = YES;
				CLANG_WARN_NON_LITERAL_NULL_CONVERSION = YES;
				CLANG_WARN_OBJC_IMPLICIT_RETAIN_SELF = YES;
				CLANG_WARN_OBJC_LITERAL_CONVERSION = YES;
				CLANG_WARN_OBJC_ROOT_CLASS = YES_ERROR;
				CLANG_WARN_QUOTED_INCLUDE_IN_FRAMEWORK_HEADER = YES;
				CLANG_WARN_RANGE_LOOP_ANALYSIS = YES;
				CLANG_WARN_STRICT_PROTOTYPES = YES;
				CLANG_WARN_SUSPICIOUS_MOVE = YES;
				CLANG_WARN_UNGUARDED_AVAILABILITY = YES_AGGRESSIVE;
				CLANG_WARN_UNREACHABLE_CODE = YES;
				CLANG_WARN__DUPLICATE_METHOD_MATCH = YES;
				CODE_SIGN_IDENTITY = "iPhone Developer";
				COPY_PHASE_STRIP = NO;
				DEBUG_INFORMATION_FORMAT = "dwarf-with-dsym";
				ENABLE_NS_ASSERTIONS = NO;
				ENABLE_STRICT_OBJC_MSGSEND = YES;
				GCC_C_LANGUAGE_STANDARD = gnu11;
				GCC_NO_COMMON_BLOCKS = YES;
				GCC_WARN_64_TO_32_BIT_CONVERSION = YES;
				GCC_WARN_ABOUT_RETURN_TYPE = YES_ERROR;
				GCC_WARN_UNDECLARED_SELECTOR = YES;
				GCC_WARN_UNINITIALIZED_AUTOS = YES_AGGRESSIVE;
				GCC_WARN_UNUSED_FUNCTION = YES;
				GCC_WARN_UNUSED_VARIABLE = YES;
				IPHONEOS_DEPLOYMENT_TARGET = 13.0;
				MTL_ENABLE_DEBUG_INFO = NO;
				MTL_FAST_MATH = YES;
				SDKROOT = iphoneos;
				SWIFT_COMPILATION_MODE = wholemodule;
				SWIFT_OPTIMIZATION_LEVEL = "-O";
				VALIDATE_PRODUCT = YES;
			};
			name = Release;
		};
		2461A83E24882543009BE0AB /* Debug */ = {
			isa = XCBuildConfiguration;
			baseConfigurationReference = 4FD008632E60DB9E3C8B3BC9 /* Pods-Grocery List.debug.xcconfig */;
			buildSettings = {
				ASSETCATALOG_COMPILER_APPICON_NAME = AppIcon;
				CODE_SIGN_STYLE = Automatic;
				DEVELOPMENT_TEAM = DH439G95GZ;
				INFOPLIST_FILE = "Grocery List/Info.plist";
				LD_RUNPATH_SEARCH_PATHS = (
					"$(inherited)",
					"@executable_path/Frameworks",
				);
				MARKETING_VERSION = 2.0;
				PRODUCT_BUNDLE_IDENTIFIER = "rtest.Grocery-List";
				PRODUCT_NAME = "$(TARGET_NAME)";
				SWIFT_VERSION = 5.0;
				TARGETED_DEVICE_FAMILY = 1;
			};
			name = Debug;
		};
		2461A83F24882543009BE0AB /* Release */ = {
			isa = XCBuildConfiguration;
			baseConfigurationReference = AD38424FF3E64C73D4C651DF /* Pods-Grocery List.release.xcconfig */;
			buildSettings = {
				ASSETCATALOG_COMPILER_APPICON_NAME = AppIcon;
				CODE_SIGN_STYLE = Automatic;
				DEVELOPMENT_TEAM = DH439G95GZ;
				INFOPLIST_FILE = "Grocery List/Info.plist";
				LD_RUNPATH_SEARCH_PATHS = (
					"$(inherited)",
					"@executable_path/Frameworks",
				);
				MARKETING_VERSION = 2.0;
				PRODUCT_BUNDLE_IDENTIFIER = "rtest.Grocery-List";
				PRODUCT_NAME = "$(TARGET_NAME)";
				SWIFT_VERSION = 5.0;
				TARGETED_DEVICE_FAMILY = 1;
			};
			name = Release;
		};
/* End XCBuildConfiguration section */

/* Begin XCConfigurationList section */
		2423A02324BB93CC0089181C /* Build configuration list for PBXNativeTarget "Grocery ListTests" */ = {
			isa = XCConfigurationList;
			buildConfigurations = (
				2423A02424BB93CC0089181C /* Debug */,
				2423A02524BB93CC0089181C /* Release */,
			);
			defaultConfigurationIsVisible = 0;
			defaultConfigurationName = Release;
		};
		2461A82624882541009BE0AB /* Build configuration list for PBXProject "Grocery List" */ = {
			isa = XCConfigurationList;
			buildConfigurations = (
				2461A83B24882543009BE0AB /* Debug */,
				2461A83C24882543009BE0AB /* Release */,
			);
			defaultConfigurationIsVisible = 0;
			defaultConfigurationName = Release;
		};
		2461A83D24882543009BE0AB /* Build configuration list for PBXNativeTarget "Grocery List" */ = {
			isa = XCConfigurationList;
			buildConfigurations = (
				2461A83E24882543009BE0AB /* Debug */,
				2461A83F24882543009BE0AB /* Release */,
			);
			defaultConfigurationIsVisible = 0;
			defaultConfigurationName = Release;
		};
/* End XCConfigurationList section */
	};
	rootObject = 2461A82324882541009BE0AB /* Project object */;
}
