// !$*UTF8*$!
{
	archiveVersion = 1;
	classes = {
	};
	objectVersion = 50;
	objects = {

/* Begin PBXBuildFile section */
		2418684324884B42003E7C69 /* Category.swift in Sources */ = {isa = PBXBuildFile; fileRef = 2418684224884B42003E7C69 /* Category.swift */; };
		2418684524884B6C003E7C69 /* Store.swift in Sources */ = {isa = PBXBuildFile; fileRef = 2418684424884B6C003E7C69 /* Store.swift */; };
		2418684824885824003E7C69 /* StoresTableViewController.swift in Sources */ = {isa = PBXBuildFile; fileRef = 2418684724885824003E7C69 /* StoresTableViewController.swift */; };
		2461A82F24882541009BE0AB /* AppDelegate.swift in Sources */ = {isa = PBXBuildFile; fileRef = 2461A82E24882541009BE0AB /* AppDelegate.swift */; };
		2461A83424882541009BE0AB /* Main.storyboard in Resources */ = {isa = PBXBuildFile; fileRef = 2461A83224882541009BE0AB /* Main.storyboard */; };
		2461A83624882543009BE0AB /* Assets.xcassets in Resources */ = {isa = PBXBuildFile; fileRef = 2461A83524882543009BE0AB /* Assets.xcassets */; };
		2461A83924882543009BE0AB /* LaunchScreen.storyboard in Resources */ = {isa = PBXBuildFile; fileRef = 2461A83724882543009BE0AB /* LaunchScreen.storyboard */; };
		2461A841248829B7009BE0AB /* TableController.swift in Sources */ = {isa = PBXBuildFile; fileRef = 2461A840248829B6009BE0AB /* TableController.swift */; };
		2461A84324882D1D009BE0AB /* AddItemViewController.swift in Sources */ = {isa = PBXBuildFile; fileRef = 2461A84224882D1D009BE0AB /* AddItemViewController.swift */; };
		2461A8452488347D009BE0AB /* CollapsibleTableViewHeader.swift in Sources */ = {isa = PBXBuildFile; fileRef = 2461A8442488347D009BE0AB /* CollapsibleTableViewHeader.swift */; };
		24677078248D81FD00781021 /* CollapsibleTableViewCell.swift in Sources */ = {isa = PBXBuildFile; fileRef = 24677077248D81FD00781021 /* CollapsibleTableViewCell.swift */; };
		2494FFA8248C10CA00DC58E0 /* DataStore.swift in Sources */ = {isa = PBXBuildFile; fileRef = 2494FFA7248C10CA00DC58E0 /* DataStore.swift */; };
/* End PBXBuildFile section */

/* Begin PBXFileReference section */
		2418684224884B42003E7C69 /* Category.swift */ = {isa = PBXFileReference; lastKnownFileType = sourcecode.swift; path = Category.swift; sourceTree = "<group>"; };
		2418684424884B6C003E7C69 /* Store.swift */ = {isa = PBXFileReference; lastKnownFileType = sourcecode.swift; path = Store.swift; sourceTree = "<group>"; };
		2418684724885824003E7C69 /* StoresTableViewController.swift */ = {isa = PBXFileReference; lastKnownFileType = sourcecode.swift; path = StoresTableViewController.swift; sourceTree = "<group>"; };
		2461A82B24882541009BE0AB /* Grocery List.app */ = {isa = PBXFileReference; explicitFileType = wrapper.application; includeInIndex = 0; path = "Grocery List.app"; sourceTree = BUILT_PRODUCTS_DIR; };
		2461A82E24882541009BE0AB /* AppDelegate.swift */ = {isa = PBXFileReference; lastKnownFileType = sourcecode.swift; path = AppDelegate.swift; sourceTree = "<group>"; };
		2461A83324882541009BE0AB /* Base */ = {isa = PBXFileReference; lastKnownFileType = file.storyboard; name = Base; path = Base.lproj/Main.storyboard; sourceTree = "<group>"; };
		2461A83524882543009BE0AB /* Assets.xcassets */ = {isa = PBXFileReference; lastKnownFileType = folder.assetcatalog; path = Assets.xcassets; sourceTree = "<group>"; };
		2461A83824882543009BE0AB /* Base */ = {isa = PBXFileReference; lastKnownFileType = file.storyboard; name = Base; path = Base.lproj/LaunchScreen.storyboard; sourceTree = "<group>"; };
		2461A83A24882543009BE0AB /* Info.plist */ = {isa = PBXFileReference; lastKnownFileType = text.plist.xml; path = Info.plist; sourceTree = "<group>"; };
		2461A840248829B6009BE0AB /* TableController.swift */ = {isa = PBXFileReference; lastKnownFileType = sourcecode.swift; path = TableController.swift; sourceTree = "<group>"; };
		2461A84224882D1D009BE0AB /* AddItemViewController.swift */ = {isa = PBXFileReference; lastKnownFileType = sourcecode.swift; path = AddItemViewController.swift; sourceTree = "<group>"; };
		2461A8442488347D009BE0AB /* CollapsibleTableViewHeader.swift */ = {isa = PBXFileReference; lastKnownFileType = sourcecode.swift; path = CollapsibleTableViewHeader.swift; sourceTree = "<group>"; };
		24677077248D81FD00781021 /* CollapsibleTableViewCell.swift */ = {isa = PBXFileReference; lastKnownFileType = sourcecode.swift; path = CollapsibleTableViewCell.swift; sourceTree = "<group>"; };
		2494FFA7248C10CA00DC58E0 /* DataStore.swift */ = {isa = PBXFileReference; lastKnownFileType = sourcecode.swift; path = DataStore.swift; sourceTree = "<group>"; };
/* End PBXFileReference section */

/* Begin PBXFrameworksBuildPhase section */
		2461A82824882541009BE0AB /* Frameworks */ = {
			isa = PBXFrameworksBuildPhase;
			buildActionMask = 2147483647;
			files = (
			);
			runOnlyForDeploymentPostprocessing = 0;
		};
/* End PBXFrameworksBuildPhase section */

/* Begin PBXGroup section */
		2418684624884C4F003E7C69 /* Data Models */ = {
			isa = PBXGroup;
			children = (
				2494FFA7248C10CA00DC58E0 /* DataStore.swift */,
				2418684424884B6C003E7C69 /* Store.swift */,
				2418684224884B42003E7C69 /* Category.swift */,
			);
			path = "Data Models";
			sourceTree = "<group>";
		};
		2418684924885827003E7C69 /* View Controllers */ = {
			isa = PBXGroup;
			children = (
				2418684724885824003E7C69 /* StoresTableViewController.swift */,
				2461A840248829B6009BE0AB /* TableController.swift */,
				2461A84224882D1D009BE0AB /* AddItemViewController.swift */,
			);
			path = "View Controllers";
			sourceTree = "<group>";
		};
		2461A82224882541009BE0AB = {
			isa = PBXGroup;
			children = (
				2461A82D24882541009BE0AB /* Grocery List */,
				2461A82C24882541009BE0AB /* Products */,
			);
			sourceTree = "<group>";
		};
		2461A82C24882541009BE0AB /* Products */ = {
			isa = PBXGroup;
			children = (
				2461A82B24882541009BE0AB /* Grocery List.app */,
			);
			name = Products;
			sourceTree = "<group>";
		};
		2461A82D24882541009BE0AB /* Grocery List */ = {
			isa = PBXGroup;
			children = (
				2418684624884C4F003E7C69 /* Data Models */,
				2418684924885827003E7C69 /* View Controllers */,
				2461A82E24882541009BE0AB /* AppDelegate.swift */,
				24677077248D81FD00781021 /* CollapsibleTableViewCell.swift */,
				2461A83224882541009BE0AB /* Main.storyboard */,
				2461A8442488347D009BE0AB /* CollapsibleTableViewHeader.swift */,
				2461A83524882543009BE0AB /* Assets.xcassets */,
				2461A83724882543009BE0AB /* LaunchScreen.storyboard */,
				2461A83A24882543009BE0AB /* Info.plist */,
			);
			path = "Grocery List";
			sourceTree = "<group>";
		};
/* End PBXGroup section */

/* Begin PBXNativeTarget section */
		2461A82A24882541009BE0AB /* Grocery List */ = {
			isa = PBXNativeTarget;
			buildConfigurationList = 2461A83D24882543009BE0AB /* Build configuration list for PBXNativeTarget "Grocery List" */;
			buildPhases = (
				2461A82724882541009BE0AB /* Sources */,
				2461A82824882541009BE0AB /* Frameworks */,
				2461A82924882541009BE0AB /* Resources */,
			);
			buildRules = (
			);
			dependencies = (
			);
			name = "Grocery List";
			productName = "Grocery List";
			productReference = 2461A82B24882541009BE0AB /* Grocery List.app */;
			productType = "com.apple.product-type.application";
		};
/* End PBXNativeTarget section */

/* Begin PBXProject section */
		2461A82324882541009BE0AB /* Project object */ = {
			isa = PBXProject;
			attributes = {
				LastSwiftUpdateCheck = 1020;
				LastUpgradeCheck = 1020;
				ORGANIZATIONNAME = "Rushad Antia";
				TargetAttributes = {
					2461A82A24882541009BE0AB = {
						CreatedOnToolsVersion = 10.2;
					};
				};
			};
			buildConfigurationList = 2461A82624882541009BE0AB /* Build configuration list for PBXProject "Grocery List" */;
			compatibilityVersion = "Xcode 9.3";
			developmentRegion = en;
			hasScannedForEncodings = 0;
			knownRegions = (
				en,
				Base,
			);
			mainGroup = 2461A82224882541009BE0AB;
			productRefGroup = 2461A82C24882541009BE0AB /* Products */;
			projectDirPath = "";
			projectRoot = "";
			targets = (
				2461A82A24882541009BE0AB /* Grocery List */,
			);
		};
/* End PBXProject section */

/* Begin PBXResourcesBuildPhase section */
		2461A82924882541009BE0AB /* Resources */ = {
			isa = PBXResourcesBuildPhase;
			buildActionMask = 2147483647;
			files = (
				2461A83924882543009BE0AB /* LaunchScreen.storyboard in Resources */,
				2461A83624882543009BE0AB /* Assets.xcassets in Resources */,
				2461A83424882541009BE0AB /* Main.storyboard in Resources */,
			);
			runOnlyForDeploymentPostprocessing = 0;
		};
/* End PBXResourcesBuildPhase section */

/* Begin PBXSourcesBuildPhase section */
		2461A82724882541009BE0AB /* Sources */ = {
			isa = PBXSourcesBuildPhase;
			buildActionMask = 2147483647;
			files = (
				2461A8452488347D009BE0AB /* CollapsibleTableViewHeader.swift in Sources */,
				2494FFA8248C10CA00DC58E0 /* DataStore.swift in Sources */,
				24677078248D81FD00781021 /* CollapsibleTableViewCell.swift in Sources */,
				2418684824885824003E7C69 /* StoresTableViewController.swift in Sources */,
				2418684324884B42003E7C69 /* Category.swift in Sources */,
				2461A84324882D1D009BE0AB /* AddItemViewController.swift in Sources */,
				2418684524884B6C003E7C69 /* Store.swift in Sources */,
				2461A841248829B7009BE0AB /* TableController.swift in Sources */,
				2461A82F24882541009BE0AB /* AppDelegate.swift in Sources */,
			);
			runOnlyForDeploymentPostprocessing = 0;
		};
/* End PBXSourcesBuildPhase section */

/* Begin PBXVariantGroup section */
		2461A83224882541009BE0AB /* Main.storyboard */ = {
			isa = PBXVariantGroup;
			children = (
				2461A83324882541009BE0AB /* Base */,
			);
			name = Main.storyboard;
			sourceTree = "<group>";
		};
		2461A83724882543009BE0AB /* LaunchScreen.storyboard */ = {
			isa = PBXVariantGroup;
			children = (
				2461A83824882543009BE0AB /* Base */,
			);
			name = LaunchScreen.storyboard;
			sourceTree = "<group>";
		};
/* End PBXVariantGroup section */

/* Begin XCBuildConfiguration section */
		2461A83B24882543009BE0AB /* Debug */ = {
			isa = XCBuildConfiguration;
			buildSettings = {
				ALWAYS_SEARCH_USER_PATHS = NO;
				CLANG_ANALYZER_NONNULL = YES;
				CLANG_ANALYZER_NUMBER_OBJECT_CONVERSION = YES_AGGRESSIVE;
				CLANG_CXX_LANGUAGE_STANDARD = "gnu++14";
				CLANG_CXX_LIBRARY = "libc++";
				CLANG_ENABLE_MODULES = YES;
				CLANG_ENABLE_OBJC_ARC = YES;
				CLANG_ENABLE_OBJC_WEAK = YES;
				CLANG_WARN_BLOCK_CAPTURE_AUTORELEASING = YES;
				CLANG_WARN_BOOL_CONVERSION = YES;
				CLANG_WARN_COMMA = YES;
				CLANG_WARN_CONSTANT_CONVERSION = YES;
				CLANG_WARN_DEPRECATED_OBJC_IMPLEMENTATIONS = YES;
				CLANG_WARN_DIRECT_OBJC_ISA_USAGE = YES_ERROR;
				CLANG_WARN_DOCUMENTATION_COMMENTS = YES;
				CLANG_WARN_EMPTY_BODY = YES;
				CLANG_WARN_ENUM_CONVERSION = YES;
				CLANG_WARN_INFINITE_RECURSION = YES;
				CLANG_WARN_INT_CONVERSION = YES;
				CLANG_WARN_NON_LITERAL_NULL_CONVERSION = YES;
				CLANG_WARN_OBJC_IMPLICIT_RETAIN_SELF = YES;
				CLANG_WARN_OBJC_LITERAL_CONVERSION = YES;
				CLANG_WARN_OBJC_ROOT_CLASS = YES_ERROR;
				CLANG_WARN_RANGE_LOOP_ANALYSIS = YES;
				CLANG_WARN_STRICT_PROTOTYPES = YES;
				CLANG_WARN_SUSPICIOUS_MOVE = YES;
				CLANG_WARN_UNGUARDED_AVAILABILITY = YES_AGGRESSIVE;
				CLANG_WARN_UNREACHABLE_CODE = YES;
				CLANG_WARN__DUPLICATE_METHOD_MATCH = YES;
				CODE_SIGN_IDENTITY = "iPhone Developer";
				COPY_PHASE_STRIP = NO;
				DEBUG_INFORMATION_FORMAT = dwarf;
				ENABLE_STRICT_OBJC_MSGSEND = YES;
				ENABLE_TESTABILITY = YES;
				GCC_C_LANGUAGE_STANDARD = gnu11;
				GCC_DYNAMIC_NO_PIC = NO;
				GCC_NO_COMMON_BLOCKS = YES;
				GCC_OPTIMIZATION_LEVEL = 0;
				GCC_PREPROCESSOR_DEFINITIONS = (
					"DEBUG=1",
					"$(inherited)",
				);
				GCC_WARN_64_TO_32_BIT_CONVERSION = YES;
				GCC_WARN_ABOUT_RETURN_TYPE = YES_ERROR;
				GCC_WARN_UNDECLARED_SELECTOR = YES;
				GCC_WARN_UNINITIALIZED_AUTOS = YES_AGGRESSIVE;
				GCC_WARN_UNUSED_FUNCTION = YES;
				GCC_WARN_UNUSED_VARIABLE = YES;
				IPHONEOS_DEPLOYMENT_TARGET = 12.2;
				MTL_ENABLE_DEBUG_INFO = INCLUDE_SOURCE;
				MTL_FAST_MATH = YES;
				ONLY_ACTIVE_ARCH = YES;
				SDKROOT = iphoneos;
				SWIFT_ACTIVE_COMPILATION_CONDITIONS = DEBUG;
				SWIFT_OPTIMIZATION_LEVEL = "-Onone";
			};
			name = Debug;
		};
		2461A83C24882543009BE0AB /* Release */ = {
			isa = XCBuildConfiguration;
			buildSettings = {
				ALWAYS_SEARCH_USER_PATHS = NO;
				CLANG_ANALYZER_NONNULL = YES;
				CLANG_ANALYZER_NUMBER_OBJECT_CONVERSION = YES_AGGRESSIVE;
				CLANG_CXX_LANGUAGE_STANDARD = "gnu++14";
				CLANG_CXX_LIBRARY = "libc++";
				CLANG_ENABLE_MODULES = YES;
				CLANG_ENABLE_OBJC_ARC = YES;
				CLANG_ENABLE_OBJC_WEAK = YES;
				CLANG_WARN_BLOCK_CAPTURE_AUTORELEASING = YES;
				CLANG_WARN_BOOL_CONVERSION = YES;
				CLANG_WARN_COMMA = YES;
				CLANG_WARN_CONSTANT_CONVERSION = YES;
				CLANG_WARN_DEPRECATED_OBJC_IMPLEMENTATIONS = YES;
				CLANG_WARN_DIRECT_OBJC_ISA_USAGE = YES_ERROR;
				CLANG_WARN_DOCUMENTATION_COMMENTS = YES;
				CLANG_WARN_EMPTY_BODY = YES;
				CLANG_WARN_ENUM_CONVERSION = YES;
				CLANG_WARN_INFINITE_RECURSION = YES;
				CLANG_WARN_INT_CONVERSION = YES;
				CLANG_WARN_NON_LITERAL_NULL_CONVERSION = YES;
				CLANG_WARN_OBJC_IMPLICIT_RETAIN_SELF = YES;
				CLANG_WARN_OBJC_LITERAL_CONVERSION = YES;
				CLANG_WARN_OBJC_ROOT_CLASS = YES_ERROR;
				CLANG_WARN_RANGE_LOOP_ANALYSIS = YES;
				CLANG_WARN_STRICT_PROTOTYPES = YES;
				CLANG_WARN_SUSPICIOUS_MOVE = YES;
				CLANG_WARN_UNGUARDED_AVAILABILITY = YES_AGGRESSIVE;
				CLANG_WARN_UNREACHABLE_CODE = YES;
				CLANG_WARN__DUPLICATE_METHOD_MATCH = YES;
				CODE_SIGN_IDENTITY = "iPhone Developer";
				COPY_PHASE_STRIP = NO;
				DEBUG_INFORMATION_FORMAT = "dwarf-with-dsym";
				ENABLE_NS_ASSERTIONS = NO;
				ENABLE_STRICT_OBJC_MSGSEND = YES;
				GCC_C_LANGUAGE_STANDARD = gnu11;
				GCC_NO_COMMON_BLOCKS = YES;
				GCC_WARN_64_TO_32_BIT_CONVERSION = YES;
				GCC_WARN_ABOUT_RETURN_TYPE = YES_ERROR;
				GCC_WARN_UNDECLARED_SELECTOR = YES;
				GCC_WARN_UNINITIALIZED_AUTOS = YES_AGGRESSIVE;
				GCC_WARN_UNUSED_FUNCTION = YES;
				GCC_WARN_UNUSED_VARIABLE = YES;
				IPHONEOS_DEPLOYMENT_TARGET = 12.2;
				MTL_ENABLE_DEBUG_INFO = NO;
				MTL_FAST_MATH = YES;
				SDKROOT = iphoneos;
				SWIFT_COMPILATION_MODE = wholemodule;
				SWIFT_OPTIMIZATION_LEVEL = "-O";
				VALIDATE_PRODUCT = YES;
			};
			name = Release;
		};
		2461A83E24882543009BE0AB /* Debug */ = {
			isa = XCBuildConfiguration;
			buildSettings = {
				ASSETCATALOG_COMPILER_APPICON_NAME = AppIcon;
				CODE_SIGN_STYLE = Automatic;
				DEVELOPMENT_TEAM = 6Z6P82U77X;
				INFOPLIST_FILE = "Grocery List/Info.plist";
				LD_RUNPATH_SEARCH_PATHS = (
					"$(inherited)",
					"@executable_path/Frameworks",
				);
				PRODUCT_BUNDLE_IDENTIFIER = "rantia.Grocery-List";
				PRODUCT_NAME = "$(TARGET_NAME)";
				SWIFT_VERSION = 5.0;
				TARGETED_DEVICE_FAMILY = 1;
			};
			name = Debug;
		};
		2461A83F24882543009BE0AB /* Release */ = {
			isa = XCBuildConfiguration;
			buildSettings = {
				ASSETCATALOG_COMPILER_APPICON_NAME = AppIcon;
				CODE_SIGN_STYLE = Automatic;
				DEVELOPMENT_TEAM = 6Z6P82U77X;
				INFOPLIST_FILE = "Grocery List/Info.plist";
				LD_RUNPATH_SEARCH_PATHS = (
					"$(inherited)",
					"@executable_path/Frameworks",
				);
				PRODUCT_BUNDLE_IDENTIFIER = "rantia.Grocery-List";
				PRODUCT_NAME = "$(TARGET_NAME)";
				SWIFT_VERSION = 5.0;
				TARGETED_DEVICE_FAMILY = 1;
			};
			name = Release;
		};
/* End XCBuildConfiguration section */

/* Begin XCConfigurationList section */
		2461A82624882541009BE0AB /* Build configuration list for PBXProject "Grocery List" */ = {
			isa = XCConfigurationList;
			buildConfigurations = (
				2461A83B24882543009BE0AB /* Debug */,
				2461A83C24882543009BE0AB /* Release */,
			);
			defaultConfigurationIsVisible = 0;
			defaultConfigurationName = Release;
		};
		2461A83D24882543009BE0AB /* Build configuration list for PBXNativeTarget "Grocery List" */ = {
			isa = XCConfigurationList;
			buildConfigurations = (
				2461A83E24882543009BE0AB /* Debug */,
				2461A83F24882543009BE0AB /* Release */,
			);
			defaultConfigurationIsVisible = 0;
			defaultConfigurationName = Release;
		};
/* End XCConfigurationList section */
	};
	rootObject = 2461A82324882541009BE0AB /* Project object */;
}
